
Microsoft Visual Studio Solution File, Format Version 12.00
Project("{FAE04EC0-301F-11D3-BF4B-00C04F79EFBC}") = "App3D", "App3D\App3D.csproj", "{021F1AF6-BAA4-420A-857E-DF8498B10B3C}"
EndProject
Global
	GlobalSection(SolutionConfigurationPlatforms) = preSolution
		Debug|Any CPU = Debug|Any CPU
		Release|Any CPU = Release|Any CPU
	EndGlobalSection
	GlobalSection(ProjectConfigurationPlatforms) = postSolution
		{021F1AF6-BAA4-420A-857E-DF8498B10B3C}.Debug|Any CPU.ActiveCfg = Debug|Any CPU
		{021F1AF6-BAA4-420A-857E-DF8498B10B3C}.Debug|Any CPU.Build.0 = Debug|Any CPU
		{021F1AF6-BAA4-420A-857E-DF8498B10B3C}.Release|Any CPU.ActiveCfg = Release|Any CPU
		{021F1AF6-BAA4-420A-857E-DF8498B10B3C}.Release|Any CPU.Build.0 = Release|Any CPU
	EndGlobalSection
EndGlobal
